
Microsoft Visual Studio Solution File, Format Version 12.00
# Visual Studio Version 17
VisualStudioVersion = 17.7.34009.444
MinimumVisualStudioVersion = 10.0.40219.1
Project("{9A19103F-16F7-4668-BE54-9A1E7A4F7556}") = "MetaUI", "MetaUI\MetaUI.csproj", "{1A4524BC-8712-4A62-9E98-E900ECB77083}"
EndProject
Project("{9A19103F-16F7-4668-BE54-9A1E7A4F7556}") = "MetaUI.Model", "MetaUI.Model\MetaUI.Model.csproj", "{FB9A42A6-884D-487B-A2AB-6EFED630947F}"
EndProject
Project("{9A19103F-16F7-4668-BE54-9A1E7A4F7556}") = "Metas.Data", "Metas.Data\Metas.Data.csproj", "{233EB2C5-FB13-469D-931E-F090989BFB3B}"
EndProject
Global
	GlobalSection(SolutionConfigurationPlatforms) = preSolution
		Debug|Any CPU = Debug|Any CPU
		Release|Any CPU = Release|Any CPU
	EndGlobalSection
	GlobalSection(ProjectConfigurationPlatforms) = postSolution
		{1A4524BC-8712-4A62-9E98-E900ECB77083}.Debug|Any CPU.ActiveCfg = Debug|Any CPU
		{1A4524BC-8712-4A62-9E98-E900ECB77083}.Debug|Any CPU.Build.0 = Debug|Any CPU
		{1A4524BC-8712-4A62-9E98-E900ECB77083}.Release|Any CPU.ActiveCfg = Release|Any CPU
		{1A4524BC-8712-4A62-9E98-E900ECB77083}.Release|Any CPU.Build.0 = Release|Any CPU
		{FB9A42A6-884D-487B-A2AB-6EFED630947F}.Debug|Any CPU.ActiveCfg = Debug|Any CPU
		{FB9A42A6-884D-487B-A2AB-6EFED630947F}.Debug|Any CPU.Build.0 = Debug|Any CPU
		{FB9A42A6-884D-487B-A2AB-6EFED630947F}.Release|Any CPU.ActiveCfg = Release|Any CPU
		{FB9A42A6-884D-487B-A2AB-6EFED630947F}.Release|Any CPU.Build.0 = Release|Any CPU
		{233EB2C5-FB13-469D-931E-F090989BFB3B}.Debug|Any CPU.ActiveCfg = Debug|Any CPU
		{233EB2C5-FB13-469D-931E-F090989BFB3B}.Debug|Any CPU.Build.0 = Debug|Any CPU
		{233EB2C5-FB13-469D-931E-F090989BFB3B}.Release|Any CPU.ActiveCfg = Release|Any CPU
		{233EB2C5-FB13-469D-931E-F090989BFB3B}.Release|Any CPU.Build.0 = Release|Any CPU
	EndGlobalSection
	GlobalSection(SolutionProperties) = preSolution
		HideSolutionNode = FALSE
	EndGlobalSection
	GlobalSection(ExtensibilityGlobals) = postSolution
		SolutionGuid = {C6C33F79-ADEA-4B81-BD90-735C5FB6372F}
	EndGlobalSection
EndGlobal
